# THIS IS AN AUTOGENERATED FILE. DO NOT EDIT THIS FILE DIRECTLY.
# yarn lockfile v1


eslint-config-unobtrusive@^1.2.5:
  version "1.2.5"
  resolved "https://registry.yarnpkg.com/eslint-config-unobtrusive/-/eslint-config-unobtrusive-1.2.5.tgz#4e5b09ef625e31e78396176e3c23874491d04180"
  integrity sha512-JOhF2PaSXBnT2JapDVUDpbOOj3rY0nOTxuP6J/V9Dd4sRfCFqjBaT0uSHUbMzr4ta2rOyrF2GJjhDvvkbzsr9Q==
